
Microsoft Visual Studio Solution File, Format Version 12.00
# Visual Studio Version 16
VisualStudioVersion = 16.0.30611.23
MinimumVisualStudioVersion = 15.0.26124.0
Project("{2150E333-8FDC-42A3-9474-1A3956D46DE8}") = "src", "src", "{C48798F8-992A-44CA-9D1D-384A7C12C67C}"
EndProject
Project("{9A19103F-16F7-4668-BE54-9A1E7A4F7556}") = "Api", "src\Api\Api.csproj", "{B02BD11A-2E2E-48BC-8A62-07B8C62DDB80}"
EndProject
Project("{FAE04EC0-301F-11D3-BF4B-00C04F79EFBC}") = "Models", "src\Models\Models.csproj", "{9EA5E887-A45A-4901-BDE7-ACF33A446E2C}"
EndProject
Project("{FAE04EC0-301F-11D3-BF4B-00C04F79EFBC}") = "Database", "src\Database\Database.csproj", "{224A5FB7-A638-47B0-89FD-324FB2535B84}"
EndProject
Project("{FAE04EC0-301F-11D3-BF4B-00C04F79EFBC}") = "PublicApi", "src\PublicApi\PublicApi.csproj", "{9CD0D035-9BBC-48F1-957D-1323A497D909}"
EndProject
Project("{FAE04EC0-301F-11D3-BF4B-00C04F79EFBC}") = "Shared", "src\Shared\Shared.csproj", "{BA9DC624-8951-4E83-8BAA-67A8095CC40F}"
EndProject
Global
	GlobalSection(SolutionConfigurationPlatforms) = preSolution
		Debug|Any CPU = Debug|Any CPU
		Debug|x64 = Debug|x64
		Debug|x86 = Debug|x86
		Release|Any CPU = Release|Any CPU
		Release|x64 = Release|x64
		Release|x86 = Release|x86
	EndGlobalSection
	GlobalSection(ProjectConfigurationPlatforms) = postSolution
		{B02BD11A-2E2E-48BC-8A62-07B8C62DDB80}.Debug|Any CPU.ActiveCfg = Debug|Any CPU
		{B02BD11A-2E2E-48BC-8A62-07B8C62DDB80}.Debug|Any CPU.Build.0 = Debug|Any CPU
		{B02BD11A-2E2E-48BC-8A62-07B8C62DDB80}.Debug|x64.ActiveCfg = Debug|Any CPU
		{B02BD11A-2E2E-48BC-8A62-07B8C62DDB80}.Debug|x64.Build.0 = Debug|Any CPU
		{B02BD11A-2E2E-48BC-8A62-07B8C62DDB80}.Debug|x86.ActiveCfg = Debug|Any CPU
		{B02BD11A-2E2E-48BC-8A62-07B8C62DDB80}.Debug|x86.Build.0 = Debug|Any CPU
		{B02BD11A-2E2E-48BC-8A62-07B8C62DDB80}.Release|Any CPU.ActiveCfg = Release|Any CPU
		{B02BD11A-2E2E-48BC-8A62-07B8C62DDB80}.Release|Any CPU.Build.0 = Release|Any CPU
		{B02BD11A-2E2E-48BC-8A62-07B8C62DDB80}.Release|x64.ActiveCfg = Release|Any CPU
		{B02BD11A-2E2E-48BC-8A62-07B8C62DDB80}.Release|x64.Build.0 = Release|Any CPU
		{B02BD11A-2E2E-48BC-8A62-07B8C62DDB80}.Release|x86.ActiveCfg = Release|Any CPU
		{B02BD11A-2E2E-48BC-8A62-07B8C62DDB80}.Release|x86.Build.0 = Release|Any CPU
		{9EA5E887-A45A-4901-BDE7-ACF33A446E2C}.Debug|Any CPU.ActiveCfg = Debug|Any CPU
		{9EA5E887-A45A-4901-BDE7-ACF33A446E2C}.Debug|Any CPU.Build.0 = Debug|Any CPU
		{9EA5E887-A45A-4901-BDE7-ACF33A446E2C}.Debug|x64.ActiveCfg = Debug|Any CPU
		{9EA5E887-A45A-4901-BDE7-ACF33A446E2C}.Debug|x64.Build.0 = Debug|Any CPU
		{9EA5E887-A45A-4901-BDE7-ACF33A446E2C}.Debug|x86.ActiveCfg = Debug|Any CPU
		{9EA5E887-A45A-4901-BDE7-ACF33A446E2C}.Debug|x86.Build.0 = Debug|Any CPU
		{9EA5E887-A45A-4901-BDE7-ACF33A446E2C}.Release|Any CPU.ActiveCfg = Release|Any CPU
		{9EA5E887-A45A-4901-BDE7-ACF33A446E2C}.Release|Any CPU.Build.0 = Release|Any CPU
		{9EA5E887-A45A-4901-BDE7-ACF33A446E2C}.Release|x64.ActiveCfg = Release|Any CPU
		{9EA5E887-A45A-4901-BDE7-ACF33A446E2C}.Release|x64.Build.0 = Release|Any CPU
		{9EA5E887-A45A-4901-BDE7-ACF33A446E2C}.Release|x86.ActiveCfg = Release|Any CPU
		{9EA5E887-A45A-4901-BDE7-ACF33A446E2C}.Release|x86.Build.0 = Release|Any CPU
		{224A5FB7-A638-47B0-89FD-324FB2535B84}.Debug|Any CPU.ActiveCfg = Debug|Any CPU
		{224A5FB7-A638-47B0-89FD-324FB2535B84}.Debug|Any CPU.Build.0 = Debug|Any CPU
		{224A5FB7-A638-47B0-89FD-324FB2535B84}.Debug|x64.ActiveCfg = Debug|Any CPU
		{224A5FB7-A638-47B0-89FD-324FB2535B84}.Debug|x64.Build.0 = Debug|Any CPU
		{224A5FB7-A638-47B0-89FD-324FB2535B84}.Debug|x86.ActiveCfg = Debug|Any CPU
		{224A5FB7-A638-47B0-89FD-324FB2535B84}.Debug|x86.Build.0 = Debug|Any CPU
		{224A5FB7-A638-47B0-89FD-324FB2535B84}.Release|Any CPU.ActiveCfg = Release|Any CPU
		{224A5FB7-A638-47B0-89FD-324FB2535B84}.Release|Any CPU.Build.0 = Release|Any CPU
		{224A5FB7-A638-47B0-89FD-324FB2535B84}.Release|x64.ActiveCfg = Release|Any CPU
		{224A5FB7-A638-47B0-89FD-324FB2535B84}.Release|x64.Build.0 = Release|Any CPU
		{224A5FB7-A638-47B0-89FD-324FB2535B84}.Release|x86.ActiveCfg = Release|Any CPU
		{224A5FB7-A638-47B0-89FD-324FB2535B84}.Release|x86.Build.0 = Release|Any CPU
		{9CD0D035-9BBC-48F1-957D-1323A497D909}.Debug|Any CPU.ActiveCfg = Debug|Any CPU
		{9CD0D035-9BBC-48F1-957D-1323A497D909}.Debug|Any CPU.Build.0 = Debug|Any CPU
		{9CD0D035-9BBC-48F1-957D-1323A497D909}.Debug|x64.ActiveCfg = Debug|Any CPU
		{9CD0D035-9BBC-48F1-957D-1323A497D909}.Debug|x64.Build.0 = Debug|Any CPU
		{9CD0D035-9BBC-48F1-957D-1323A497D909}.Debug|x86.ActiveCfg = Debug|Any CPU
		{9CD0D035-9BBC-48F1-957D-1323A497D909}.Debug|x86.Build.0 = Debug|Any CPU
		{9CD0D035-9BBC-48F1-957D-1323A497D909}.Release|Any CPU.ActiveCfg = Release|Any CPU
		{9CD0D035-9BBC-48F1-957D-1323A497D909}.Release|Any CPU.Build.0 = Release|Any CPU
		{9CD0D035-9BBC-48F1-957D-1323A497D909}.Release|x64.ActiveCfg = Release|Any CPU
		{9CD0D035-9BBC-48F1-957D-1323A497D909}.Release|x64.Build.0 = Release|Any CPU
		{9CD0D035-9BBC-48F1-957D-1323A497D909}.Release|x86.ActiveCfg = Release|Any CPU
		{9CD0D035-9BBC-48F1-957D-1323A497D909}.Release|x86.Build.0 = Release|Any CPU
		{BA9DC624-8951-4E83-8BAA-67A8095CC40F}.Debug|Any CPU.ActiveCfg = Debug|Any CPU
		{BA9DC624-8951-4E83-8BAA-67A8095CC40F}.Debug|Any CPU.Build.0 = Debug|Any CPU
		{BA9DC624-8951-4E83-8BAA-67A8095CC40F}.Debug|x64.ActiveCfg = Debug|Any CPU
		{BA9DC624-8951-4E83-8BAA-67A8095CC40F}.Debug|x64.Build.0 = Debug|Any CPU
		{BA9DC624-8951-4E83-8BAA-67A8095CC40F}.Debug|x86.ActiveCfg = Debug|Any CPU
		{BA9DC624-8951-4E83-8BAA-67A8095CC40F}.Debug|x86.Build.0 = Debug|Any CPU
		{BA9DC624-8951-4E83-8BAA-67A8095CC40F}.Release|Any CPU.ActiveCfg = Release|Any CPU
		{BA9DC624-8951-4E83-8BAA-67A8095CC40F}.Release|Any CPU.Build.0 = Release|Any CPU
		{BA9DC624-8951-4E83-8BAA-67A8095CC40F}.Release|x64.ActiveCfg = Release|Any CPU
		{BA9DC624-8951-4E83-8BAA-67A8095CC40F}.Release|x64.Build.0 = Release|Any CPU
		{BA9DC624-8951-4E83-8BAA-67A8095CC40F}.Release|x86.ActiveCfg = Release|Any CPU
		{BA9DC624-8951-4E83-8BAA-67A8095CC40F}.Release|x86.Build.0 = Release|Any CPU
	EndGlobalSection
	GlobalSection(SolutionProperties) = preSolution
		HideSolutionNode = FALSE
	EndGlobalSection
	GlobalSection(NestedProjects) = preSolution
		{B02BD11A-2E2E-48BC-8A62-07B8C62DDB80} = {C48798F8-992A-44CA-9D1D-384A7C12C67C}
		{9EA5E887-A45A-4901-BDE7-ACF33A446E2C} = {C48798F8-992A-44CA-9D1D-384A7C12C67C}
		{224A5FB7-A638-47B0-89FD-324FB2535B84} = {C48798F8-992A-44CA-9D1D-384A7C12C67C}
		{9CD0D035-9BBC-48F1-957D-1323A497D909} = {C48798F8-992A-44CA-9D1D-384A7C12C67C}
		{BA9DC624-8951-4E83-8BAA-67A8095CC40F} = {C48798F8-992A-44CA-9D1D-384A7C12C67C}
	EndGlobalSection
	GlobalSection(ExtensibilityGlobals) = postSolution
		SolutionGuid = {6A712FDB-574F-42E9-8563-CD3B94809EE5}
	EndGlobalSection
EndGlobal
